// !$*UTF8*$!
{
	archiveVersion = 1;
	classes = {
	};
	objectVersion = 56;
	objects = {

/* Begin PBXBuildFile section */
		489742B529DB4C0F00BFC6FF /* BankApp.swift in Sources */ = {isa = PBXBuildFile; fileRef = 489742B429DB4C0F00BFC6FF /* BankApp.swift */; };
		489742B729DB4C0F00BFC6FF /* ContentView.swift in Sources */ = {isa = PBXBuildFile; fileRef = 489742B629DB4C0F00BFC6FF /* ContentView.swift */; };
		489742B929DB4C1100BFC6FF /* Assets.xcassets in Resources */ = {isa = PBXBuildFile; fileRef = 489742B829DB4C1100BFC6FF /* Assets.xcassets */; };
		489742BD29DB4C1100BFC6FF /* Preview Assets.xcassets in Resources */ = {isa = PBXBuildFile; fileRef = 489742BC29DB4C1100BFC6FF /* Preview Assets.xcassets */; };
		48BC844129DED82600E84288 /* Endpoints.swift in Sources */ = {isa = PBXBuildFile; fileRef = 48BC844029DED82600E84288 /* Endpoints.swift */; };
		48BC844329DED86700E84288 /* NetworkCall.swift in Sources */ = {isa = PBXBuildFile; fileRef = 48BC844229DED86700E84288 /* NetworkCall.swift */; };
		48BC844529DED87F00E84288 /* NetworkError.swift in Sources */ = {isa = PBXBuildFile; fileRef = 48BC844429DED87F00E84288 /* NetworkError.swift */; };
		48BC844829DED95E00E84288 /* TransactionsNetwork.swift in Sources */ = {isa = PBXBuildFile; fileRef = 48BC844729DED95E00E84288 /* TransactionsNetwork.swift */; };
		48BC844A29DED9AF00E84288 /* TransactionsRouter.swift in Sources */ = {isa = PBXBuildFile; fileRef = 48BC844929DED9AF00E84288 /* TransactionsRouter.swift */; };
		48BC844C29DEDA4A00E84288 /* Constants.swift in Sources */ = {isa = PBXBuildFile; fileRef = 48BC844B29DEDA4A00E84288 /* Constants.swift */; };
		48BC844E29DEDCE700E84288 /* TransactionRepository.swift in Sources */ = {isa = PBXBuildFile; fileRef = 48BC844D29DEDCE700E84288 /* TransactionRepository.swift */; };
/* End PBXBuildFile section */

/* Begin PBXContainerItemProxy section */
		489742C329DB4C1200BFC6FF /* PBXContainerItemProxy */ = {
			isa = PBXContainerItemProxy;
			containerPortal = 489742A929DB4C0F00BFC6FF /* Project object */;
			proxyType = 1;
			remoteGlobalIDString = 489742B029DB4C0F00BFC6FF;
			remoteInfo = BankApp;
		};
		489742CD29DB4C1200BFC6FF /* PBXContainerItemProxy */ = {
			isa = PBXContainerItemProxy;
			containerPortal = 489742A929DB4C0F00BFC6FF /* Project object */;
			proxyType = 1;
			remoteGlobalIDString = 489742B029DB4C0F00BFC6FF;
			remoteInfo = BankApp;
		};
/* End PBXContainerItemProxy section */

/* Begin PBXFileReference section */
		489742B129DB4C0F00BFC6FF /* BankApp.app */ = {isa = PBXFileReference; explicitFileType = wrapper.application; includeInIndex = 0; path = BankApp.app; sourceTree = BUILT_PRODUCTS_DIR; };
		489742B429DB4C0F00BFC6FF /* BankApp.swift */ = {isa = PBXFileReference; lastKnownFileType = sourcecode.swift; path = BankApp.swift; sourceTree = "<group>"; };
		489742B629DB4C0F00BFC6FF /* ContentView.swift */ = {isa = PBXFileReference; lastKnownFileType = sourcecode.swift; path = ContentView.swift; sourceTree = "<group>"; };
		489742B829DB4C1100BFC6FF /* Assets.xcassets */ = {isa = PBXFileReference; lastKnownFileType = folder.assetcatalog; path = Assets.xcassets; sourceTree = "<group>"; };
		489742BA29DB4C1100BFC6FF /* BankApp.entitlements */ = {isa = PBXFileReference; lastKnownFileType = text.plist.entitlements; path = BankApp.entitlements; sourceTree = "<group>"; };
		489742BC29DB4C1100BFC6FF /* Preview Assets.xcassets */ = {isa = PBXFileReference; lastKnownFileType = folder.assetcatalog; path = "Preview Assets.xcassets"; sourceTree = "<group>"; };
		489742C229DB4C1200BFC6FF /* BankAppTests.xctest */ = {isa = PBXFileReference; explicitFileType = wrapper.cfbundle; includeInIndex = 0; path = BankAppTests.xctest; sourceTree = BUILT_PRODUCTS_DIR; };
		489742CC29DB4C1200BFC6FF /* BankAppUITests.xctest */ = {isa = PBXFileReference; explicitFileType = wrapper.cfbundle; includeInIndex = 0; path = BankAppUITests.xctest; sourceTree = BUILT_PRODUCTS_DIR; };
		48BC844029DED82600E84288 /* Endpoints.swift */ = {isa = PBXFileReference; lastKnownFileType = sourcecode.swift; path = Endpoints.swift; sourceTree = "<group>"; };
		48BC844229DED86700E84288 /* NetworkCall.swift */ = {isa = PBXFileReference; lastKnownFileType = sourcecode.swift; path = NetworkCall.swift; sourceTree = "<group>"; };
		48BC844429DED87F00E84288 /* NetworkError.swift */ = {isa = PBXFileReference; lastKnownFileType = sourcecode.swift; path = NetworkError.swift; sourceTree = "<group>"; };
		48BC844729DED95E00E84288 /* TransactionsNetwork.swift */ = {isa = PBXFileReference; lastKnownFileType = sourcecode.swift; path = TransactionsNetwork.swift; sourceTree = "<group>"; };
		48BC844929DED9AF00E84288 /* TransactionsRouter.swift */ = {isa = PBXFileReference; lastKnownFileType = sourcecode.swift; path = TransactionsRouter.swift; sourceTree = "<group>"; };
		48BC844B29DEDA4A00E84288 /* Constants.swift */ = {isa = PBXFileReference; lastKnownFileType = sourcecode.swift; path = Constants.swift; sourceTree = "<group>"; };
		48BC844D29DEDCE700E84288 /* TransactionRepository.swift */ = {isa = PBXFileReference; lastKnownFileType = sourcecode.swift; path = TransactionRepository.swift; sourceTree = "<group>"; };
/* End PBXFileReference section */

/* Begin PBXFrameworksBuildPhase section */
		489742AE29DB4C0F00BFC6FF /* Frameworks */ = {
			isa = PBXFrameworksBuildPhase;
			buildActionMask = 2147483647;
			files = (
			);
			runOnlyForDeploymentPostprocessing = 0;
		};
		489742BF29DB4C1200BFC6FF /* Frameworks */ = {
			isa = PBXFrameworksBuildPhase;
			buildActionMask = 2147483647;
			files = (
			);
			runOnlyForDeploymentPostprocessing = 0;
		};
		489742C929DB4C1200BFC6FF /* Frameworks */ = {
			isa = PBXFrameworksBuildPhase;
			buildActionMask = 2147483647;
			files = (
			);
			runOnlyForDeploymentPostprocessing = 0;
		};
/* End PBXFrameworksBuildPhase section */

/* Begin PBXGroup section */
		489742A829DB4C0F00BFC6FF = {
			isa = PBXGroup;
			children = (
				489742B329DB4C0F00BFC6FF /* BankApp */,
				489742B229DB4C0F00BFC6FF /* Products */,
			);
			sourceTree = "<group>";
		};
		489742B229DB4C0F00BFC6FF /* Products */ = {
			isa = PBXGroup;
			children = (
				489742B129DB4C0F00BFC6FF /* BankApp.app */,
				489742C229DB4C1200BFC6FF /* BankAppTests.xctest */,
				489742CC29DB4C1200BFC6FF /* BankAppUITests.xctest */,
			);
			name = Products;
			sourceTree = "<group>";
		};
		489742B329DB4C0F00BFC6FF /* BankApp */ = {
			isa = PBXGroup;
			children = (
				489742E329DB4C6700BFC6FF /* Data */,
				489742E229DB4C6000BFC6FF /* Domain */,
				489742E129DB4C5800BFC6FF /* Platform */,
				489742E029DB4C4A00BFC6FF /* Presentation */,
				489742DF29DB4C4000BFC6FF /* Resources */,
				489742BB29DB4C1100BFC6FF /* Preview Content */,
			);
			path = BankApp;
			sourceTree = "<group>";
		};
		489742BB29DB4C1100BFC6FF /* Preview Content */ = {
			isa = PBXGroup;
			children = (
				489742BC29DB4C1100BFC6FF /* Preview Assets.xcassets */,
			);
			path = "Preview Content";
			sourceTree = "<group>";
		};
		489742DF29DB4C4000BFC6FF /* Resources */ = {
			isa = PBXGroup;
			children = (
				489742BA29DB4C1100BFC6FF /* BankApp.entitlements */,
				489742B829DB4C1100BFC6FF /* Assets.xcassets */,
				48BC844B29DEDA4A00E84288 /* Constants.swift */,
			);
			path = Resources;
			sourceTree = "<group>";
		};
		489742E029DB4C4A00BFC6FF /* Presentation */ = {
			isa = PBXGroup;
			children = (
			);
			path = Presentation;
			sourceTree = "<group>";
		};
		489742E129DB4C5800BFC6FF /* Platform */ = {
			isa = PBXGroup;
			children = (
				489742E629DB4C9900BFC6FF /* App */,
				489742E529DB4C9100BFC6FF /* Extensions */,
				489742E429DB4C8900BFC6FF /* Scenes */,
			);
			path = Platform;
			sourceTree = "<group>";
		};
		489742E229DB4C6000BFC6FF /* Domain */ = {
			isa = PBXGroup;
			children = (
				489742ED29DB4D6900BFC6FF /* Entities */,
				489742EC29DB4D4E00BFC6FF /* Gateways */,
				489742EB29DB4D4800BFC6FF /* IO */,
				489742EA29DB4D3C00BFC6FF /* UseCaseFactories */,
				489742E929DB4D3500BFC6FF /* UseCases */,
			);
			path = Domain;
			sourceTree = "<group>";
		};
		489742E329DB4C6700BFC6FF /* Data */ = {
			isa = PBXGroup;
			children = (
				489742E829DB4D2200BFC6FF /* Network */,
				489742E729DB4D1B00BFC6FF /* Repositories */,
			);
			path = Data;
			sourceTree = "<group>";
		};
		489742E429DB4C8900BFC6FF /* Scenes */ = {
			isa = PBXGroup;
			children = (
				489742B629DB4C0F00BFC6FF /* ContentView.swift */,
			);
			path = Scenes;
			sourceTree = "<group>";
		};
		489742E529DB4C9100BFC6FF /* Extensions */ = {
			isa = PBXGroup;
			children = (
			);
			path = Extensions;
			sourceTree = "<group>";
		};
		489742E629DB4C9900BFC6FF /* App */ = {
			isa = PBXGroup;
			children = (
				489742B429DB4C0F00BFC6FF /* BankApp.swift */,
			);
			path = App;
			sourceTree = "<group>";
		};
		489742E729DB4D1B00BFC6FF /* Repositories */ = {
			isa = PBXGroup;
			children = (
				48BC844D29DEDCE700E84288 /* TransactionRepository.swift */,
			);
			path = Repositories;
			sourceTree = "<group>";
		};
		489742E829DB4D2200BFC6FF /* Network */ = {
			isa = PBXGroup;
			children = (
				48BC844029DED82600E84288 /* Endpoints.swift */,
				48BC844229DED86700E84288 /* NetworkCall.swift */,
				48BC844429DED87F00E84288 /* NetworkError.swift */,
				48BC844629DED94800E84288 /* Transactions */,
			);
			path = Network;
			sourceTree = "<group>";
		};
		489742E929DB4D3500BFC6FF /* UseCases */ = {
			isa = PBXGroup;
			children = (
			);
			path = UseCases;
			sourceTree = "<group>";
		};
		489742EA29DB4D3C00BFC6FF /* UseCaseFactories */ = {
			isa = PBXGroup;
			children = (
			);
			path = UseCaseFactories;
			sourceTree = "<group>";
		};
		489742EB29DB4D4800BFC6FF /* IO */ = {
			isa = PBXGroup;
			children = (
			);
			path = IO;
			sourceTree = "<group>";
		};
		489742EC29DB4D4E00BFC6FF /* Gateways */ = {
			isa = PBXGroup;
			children = (
			);
			path = Gateways;
			sourceTree = "<group>";
		};
		489742ED29DB4D6900BFC6FF /* Entities */ = {
			isa = PBXGroup;
			children = (
			);
			path = Entities;
			sourceTree = "<group>";
		};
		48BC844629DED94800E84288 /* Transactions */ = {
			isa = PBXGroup;
			children = (
				48BC844729DED95E00E84288 /* TransactionsNetwork.swift */,
				48BC844929DED9AF00E84288 /* TransactionsRouter.swift */,
			);
			path = Transactions;
			sourceTree = "<group>";
		};
/* End PBXGroup section */

/* Begin PBXNativeTarget section */
		489742B029DB4C0F00BFC6FF /* BankApp */ = {
			isa = PBXNativeTarget;
			buildConfigurationList = 489742D629DB4C1200BFC6FF /* Build configuration list for PBXNativeTarget "BankApp" */;
			buildPhases = (
				489742AD29DB4C0F00BFC6FF /* Sources */,
				489742AE29DB4C0F00BFC6FF /* Frameworks */,
				489742AF29DB4C0F00BFC6FF /* Resources */,
			);
			buildRules = (
			);
			dependencies = (
			);
			name = BankApp;
			productName = BankApp;
			productReference = 489742B129DB4C0F00BFC6FF /* BankApp.app */;
			productType = "com.apple.product-type.application";
		};
		489742C129DB4C1200BFC6FF /* BankAppTests */ = {
			isa = PBXNativeTarget;
			buildConfigurationList = 489742D929DB4C1200BFC6FF /* Build configuration list for PBXNativeTarget "BankAppTests" */;
			buildPhases = (
				489742BE29DB4C1200BFC6FF /* Sources */,
				489742BF29DB4C1200BFC6FF /* Frameworks */,
				489742C029DB4C1200BFC6FF /* Resources */,
			);
			buildRules = (
			);
			dependencies = (
				489742C429DB4C1200BFC6FF /* PBXTargetDependency */,
			);
			name = BankAppTests;
			productName = BankAppTests;
			productReference = 489742C229DB4C1200BFC6FF /* BankAppTests.xctest */;
			productType = "com.apple.product-type.bundle.unit-test";
		};
		489742CB29DB4C1200BFC6FF /* BankAppUITests */ = {
			isa = PBXNativeTarget;
			buildConfigurationList = 489742DC29DB4C1200BFC6FF /* Build configuration list for PBXNativeTarget "BankAppUITests" */;
			buildPhases = (
				489742C829DB4C1200BFC6FF /* Sources */,
				489742C929DB4C1200BFC6FF /* Frameworks */,
				489742CA29DB4C1200BFC6FF /* Resources */,
			);
			buildRules = (
			);
			dependencies = (
				489742CE29DB4C1200BFC6FF /* PBXTargetDependency */,
			);
			name = BankAppUITests;
			productName = BankAppUITests;
			productReference = 489742CC29DB4C1200BFC6FF /* BankAppUITests.xctest */;
			productType = "com.apple.product-type.bundle.ui-testing";
		};
/* End PBXNativeTarget section */

/* Begin PBXProject section */
		489742A929DB4C0F00BFC6FF /* Project object */ = {
			isa = PBXProject;
			attributes = {
				BuildIndependentTargetsInParallel = 1;
				LastSwiftUpdateCheck = 1420;
				LastUpgradeCheck = 1420;
				TargetAttributes = {
					489742B029DB4C0F00BFC6FF = {
						CreatedOnToolsVersion = 14.2;
					};
					489742C129DB4C1200BFC6FF = {
						CreatedOnToolsVersion = 14.2;
						TestTargetID = 489742B029DB4C0F00BFC6FF;
					};
					489742CB29DB4C1200BFC6FF = {
						CreatedOnToolsVersion = 14.2;
						TestTargetID = 489742B029DB4C0F00BFC6FF;
					};
				};
			};
			buildConfigurationList = 489742AC29DB4C0F00BFC6FF /* Build configuration list for PBXProject "BankApp" */;
			compatibilityVersion = "Xcode 14.0";
			developmentRegion = en;
			hasScannedForEncodings = 0;
			knownRegions = (
				en,
				Base,
			);
			mainGroup = 489742A829DB4C0F00BFC6FF;
			productRefGroup = 489742B229DB4C0F00BFC6FF /* Products */;
			projectDirPath = "";
			projectRoot = "";
			targets = (
				489742B029DB4C0F00BFC6FF /* BankApp */,
				489742C129DB4C1200BFC6FF /* BankAppTests */,
				489742CB29DB4C1200BFC6FF /* BankAppUITests */,
			);
		};
/* End PBXProject section */

/* Begin PBXResourcesBuildPhase section */
		489742AF29DB4C0F00BFC6FF /* Resources */ = {
			isa = PBXResourcesBuildPhase;
			buildActionMask = 2147483647;
			files = (
				489742BD29DB4C1100BFC6FF /* Preview Assets.xcassets in Resources */,
				489742B929DB4C1100BFC6FF /* Assets.xcassets in Resources */,
			);
			runOnlyForDeploymentPostprocessing = 0;
		};
		489742C029DB4C1200BFC6FF /* Resources */ = {
			isa = PBXResourcesBuildPhase;
			buildActionMask = 2147483647;
			files = (
			);
			runOnlyForDeploymentPostprocessing = 0;
		};
		489742CA29DB4C1200BFC6FF /* Resources */ = {
			isa = PBXResourcesBuildPhase;
			buildActionMask = 2147483647;
			files = (
			);
			runOnlyForDeploymentPostprocessing = 0;
		};
/* End PBXResourcesBuildPhase section */

/* Begin PBXSourcesBuildPhase section */
		489742AD29DB4C0F00BFC6FF /* Sources */ = {
			isa = PBXSourcesBuildPhase;
			buildActionMask = 2147483647;
			files = (
				489742B729DB4C0F00BFC6FF /* ContentView.swift in Sources */,
				48BC844A29DED9AF00E84288 /* TransactionsRouter.swift in Sources */,
				48BC844829DED95E00E84288 /* TransactionsNetwork.swift in Sources */,
				48BC844129DED82600E84288 /* Endpoints.swift in Sources */,
				48BC844329DED86700E84288 /* NetworkCall.swift in Sources */,
				48BC844E29DEDCE700E84288 /* TransactionRepository.swift in Sources */,
				489742B529DB4C0F00BFC6FF /* BankApp.swift in Sources */,
				48BC844529DED87F00E84288 /* NetworkError.swift in Sources */,
				48BC844C29DEDA4A00E84288 /* Constants.swift in Sources */,
			);
			runOnlyForDeploymentPostprocessing = 0;
		};
		489742BE29DB4C1200BFC6FF /* Sources */ = {
			isa = PBXSourcesBuildPhase;
			buildActionMask = 2147483647;
			files = (
			);
			runOnlyForDeploymentPostprocessing = 0;
		};
		489742C829DB4C1200BFC6FF /* Sources */ = {
			isa = PBXSourcesBuildPhase;
			buildActionMask = 2147483647;
			files = (
			);
			runOnlyForDeploymentPostprocessing = 0;
		};
/* End PBXSourcesBuildPhase section */

/* Begin PBXTargetDependency section */
		489742C429DB4C1200BFC6FF /* PBXTargetDependency */ = {
			isa = PBXTargetDependency;
			target = 489742B029DB4C0F00BFC6FF /* BankApp */;
			targetProxy = 489742C329DB4C1200BFC6FF /* PBXContainerItemProxy */;
		};
		489742CE29DB4C1200BFC6FF /* PBXTargetDependency */ = {
			isa = PBXTargetDependency;
			target = 489742B029DB4C0F00BFC6FF /* BankApp */;
			targetProxy = 489742CD29DB4C1200BFC6FF /* PBXContainerItemProxy */;
		};
/* End PBXTargetDependency section */

/* Begin XCBuildConfiguration section */
		489742D429DB4C1200BFC6FF /* Debug */ = {
			isa = XCBuildConfiguration;
			buildSettings = {
				ALWAYS_SEARCH_USER_PATHS = NO;
				CLANG_ANALYZER_NONNULL = YES;
				CLANG_ANALYZER_NUMBER_OBJECT_CONVERSION = YES_AGGRESSIVE;
				CLANG_CXX_LANGUAGE_STANDARD = "gnu++20";
				CLANG_ENABLE_MODULES = YES;
				CLANG_ENABLE_OBJC_ARC = YES;
				CLANG_ENABLE_OBJC_WEAK = YES;
				CLANG_WARN_BLOCK_CAPTURE_AUTORELEASING = YES;
				CLANG_WARN_BOOL_CONVERSION = YES;
				CLANG_WARN_COMMA = YES;
				CLANG_WARN_CONSTANT_CONVERSION = YES;
				CLANG_WARN_DEPRECATED_OBJC_IMPLEMENTATIONS = YES;
				CLANG_WARN_DIRECT_OBJC_ISA_USAGE = YES_ERROR;
				CLANG_WARN_DOCUMENTATION_COMMENTS = YES;
				CLANG_WARN_EMPTY_BODY = YES;
				CLANG_WARN_ENUM_CONVERSION = YES;
				CLANG_WARN_INFINITE_RECURSION = YES;
				CLANG_WARN_INT_CONVERSION = YES;
				CLANG_WARN_NON_LITERAL_NULL_CONVERSION = YES;
				CLANG_WARN_OBJC_IMPLICIT_RETAIN_SELF = YES;
				CLANG_WARN_OBJC_LITERAL_CONVERSION = YES;
				CLANG_WARN_OBJC_ROOT_CLASS = YES_ERROR;
				CLANG_WARN_QUOTED_INCLUDE_IN_FRAMEWORK_HEADER = YES;
				CLANG_WARN_RANGE_LOOP_ANALYSIS = YES;
				CLANG_WARN_STRICT_PROTOTYPES = YES;
				CLANG_WARN_SUSPICIOUS_MOVE = YES;
				CLANG_WARN_UNGUARDED_AVAILABILITY = YES_AGGRESSIVE;
				CLANG_WARN_UNREACHABLE_CODE = YES;
				CLANG_WARN__DUPLICATE_METHOD_MATCH = YES;
				COPY_PHASE_STRIP = NO;
				DEBUG_INFORMATION_FORMAT = dwarf;
				ENABLE_STRICT_OBJC_MSGSEND = YES;
				ENABLE_TESTABILITY = YES;
				GCC_C_LANGUAGE_STANDARD = gnu11;
				GCC_DYNAMIC_NO_PIC = NO;
				GCC_NO_COMMON_BLOCKS = YES;
				GCC_OPTIMIZATION_LEVEL = 0;
				GCC_PREPROCESSOR_DEFINITIONS = (
					"DEBUG=1",
					"$(inherited)",
				);
				GCC_WARN_64_TO_32_BIT_CONVERSION = YES;
				GCC_WARN_ABOUT_RETURN_TYPE = YES_ERROR;
				GCC_WARN_UNDECLARED_SELECTOR = YES;
				GCC_WARN_UNINITIALIZED_AUTOS = YES_AGGRESSIVE;
				GCC_WARN_UNUSED_FUNCTION = YES;
				GCC_WARN_UNUSED_VARIABLE = YES;
				MTL_ENABLE_DEBUG_INFO = INCLUDE_SOURCE;
				MTL_FAST_MATH = YES;
				ONLY_ACTIVE_ARCH = YES;
				SWIFT_ACTIVE_COMPILATION_CONDITIONS = DEBUG;
				SWIFT_OPTIMIZATION_LEVEL = "-Onone";
			};
			name = Debug;
		};
		489742D529DB4C1200BFC6FF /* Release */ = {
			isa = XCBuildConfiguration;
			buildSettings = {
				ALWAYS_SEARCH_USER_PATHS = NO;
				CLANG_ANALYZER_NONNULL = YES;
				CLANG_ANALYZER_NUMBER_OBJECT_CONVERSION = YES_AGGRESSIVE;
				CLANG_CXX_LANGUAGE_STANDARD = "gnu++20";
				CLANG_ENABLE_MODULES = YES;
				CLANG_ENABLE_OBJC_ARC = YES;
				CLANG_ENABLE_OBJC_WEAK = YES;
				CLANG_WARN_BLOCK_CAPTURE_AUTORELEASING = YES;
				CLANG_WARN_BOOL_CONVERSION = YES;
				CLANG_WARN_COMMA = YES;
				CLANG_WARN_CONSTANT_CONVERSION = YES;
				CLANG_WARN_DEPRECATED_OBJC_IMPLEMENTATIONS = YES;
				CLANG_WARN_DIRECT_OBJC_ISA_USAGE = YES_ERROR;
				CLANG_WARN_DOCUMENTATION_COMMENTS = YES;
				CLANG_WARN_EMPTY_BODY = YES;
				CLANG_WARN_ENUM_CONVERSION = YES;
				CLANG_WARN_INFINITE_RECURSION = YES;
				CLANG_WARN_INT_CONVERSION = YES;
				CLANG_WARN_NON_LITERAL_NULL_CONVERSION = YES;
				CLANG_WARN_OBJC_IMPLICIT_RETAIN_SELF = YES;
				CLANG_WARN_OBJC_LITERAL_CONVERSION = YES;
				CLANG_WARN_OBJC_ROOT_CLASS = YES_ERROR;
				CLANG_WARN_QUOTED_INCLUDE_IN_FRAMEWORK_HEADER = YES;
				CLANG_WARN_RANGE_LOOP_ANALYSIS = YES;
				CLANG_WARN_STRICT_PROTOTYPES = YES;
				CLANG_WARN_SUSPICIOUS_MOVE = YES;
				CLANG_WARN_UNGUARDED_AVAILABILITY = YES_AGGRESSIVE;
				CLANG_WARN_UNREACHABLE_CODE = YES;
				CLANG_WARN__DUPLICATE_METHOD_MATCH = YES;
				COPY_PHASE_STRIP = NO;
				DEBUG_INFORMATION_FORMAT = "dwarf-with-dsym";
				ENABLE_NS_ASSERTIONS = NO;
				ENABLE_STRICT_OBJC_MSGSEND = YES;
				GCC_C_LANGUAGE_STANDARD = gnu11;
				GCC_NO_COMMON_BLOCKS = YES;
				GCC_WARN_64_TO_32_BIT_CONVERSION = YES;
				GCC_WARN_ABOUT_RETURN_TYPE = YES_ERROR;
				GCC_WARN_UNDECLARED_SELECTOR = YES;
				GCC_WARN_UNINITIALIZED_AUTOS = YES_AGGRESSIVE;
				GCC_WARN_UNUSED_FUNCTION = YES;
				GCC_WARN_UNUSED_VARIABLE = YES;
				MTL_ENABLE_DEBUG_INFO = NO;
				MTL_FAST_MATH = YES;
				SWIFT_COMPILATION_MODE = wholemodule;
				SWIFT_OPTIMIZATION_LEVEL = "-O";
			};
			name = Release;
		};
		489742D729DB4C1200BFC6FF /* Debug */ = {
			isa = XCBuildConfiguration;
			buildSettings = {
				ASSETCATALOG_COMPILER_APPICON_NAME = AppIcon;
				ASSETCATALOG_COMPILER_GLOBAL_ACCENT_COLOR_NAME = AccentColor;
				CODE_SIGN_ENTITLEMENTS = BankApp/BankApp.entitlements;
				CODE_SIGN_STYLE = Automatic;
				CURRENT_PROJECT_VERSION = 1;
				DEVELOPMENT_ASSET_PATHS = "\"BankApp/Preview Content\"";
				ENABLE_PREVIEWS = YES;
				GENERATE_INFOPLIST_FILE = YES;
				"INFOPLIST_KEY_UIApplicationSceneManifest_Generation[sdk=iphoneos*]" = YES;
				"INFOPLIST_KEY_UIApplicationSceneManifest_Generation[sdk=iphonesimulator*]" = YES;
				"INFOPLIST_KEY_UIApplicationSupportsIndirectInputEvents[sdk=iphoneos*]" = YES;
				"INFOPLIST_KEY_UIApplicationSupportsIndirectInputEvents[sdk=iphonesimulator*]" = YES;
				"INFOPLIST_KEY_UILaunchScreen_Generation[sdk=iphoneos*]" = YES;
				"INFOPLIST_KEY_UILaunchScreen_Generation[sdk=iphonesimulator*]" = YES;
				"INFOPLIST_KEY_UIStatusBarStyle[sdk=iphoneos*]" = UIStatusBarStyleDefault;
				"INFOPLIST_KEY_UIStatusBarStyle[sdk=iphonesimulator*]" = UIStatusBarStyleDefault;
				INFOPLIST_KEY_UISupportedInterfaceOrientations_iPad = "UIInterfaceOrientationPortrait UIInterfaceOrientationPortraitUpsideDown UIInterfaceOrientationLandscapeLeft UIInterfaceOrientationLandscapeRight";
				INFOPLIST_KEY_UISupportedInterfaceOrientations_iPhone = "UIInterfaceOrientationPortrait UIInterfaceOrientationLandscapeLeft UIInterfaceOrientationLandscapeRight";
				IPHONEOS_DEPLOYMENT_TARGET = 16.2;
				LD_RUNPATH_SEARCH_PATHS = "@executable_path/Frameworks";
				"LD_RUNPATH_SEARCH_PATHS[sdk=macosx*]" = "@executable_path/../Frameworks";
				MACOSX_DEPLOYMENT_TARGET = 12.6;
				MARKETING_VERSION = 1.0;
				PRODUCT_BUNDLE_IDENTIFIER = es.hecroge.BankApp;
				PRODUCT_NAME = "$(TARGET_NAME)";
				SDKROOT = auto;
				SUPPORTED_PLATFORMS = "iphoneos iphonesimulator macosx";
				SWIFT_EMIT_LOC_STRINGS = YES;
				SWIFT_VERSION = 5.0;
				TARGETED_DEVICE_FAMILY = "1,2";
			};
			name = Debug;
		};
		489742D829DB4C1200BFC6FF /* Release */ = {
			isa = XCBuildConfiguration;
			buildSettings = {
				ASSETCATALOG_COMPILER_APPICON_NAME = AppIcon;
				ASSETCATALOG_COMPILER_GLOBAL_ACCENT_COLOR_NAME = AccentColor;
				CODE_SIGN_ENTITLEMENTS = BankApp/BankApp.entitlements;
				CODE_SIGN_STYLE = Automatic;
				CURRENT_PROJECT_VERSION = 1;
				DEVELOPMENT_ASSET_PATHS = "\"BankApp/Preview Content\"";
				ENABLE_PREVIEWS = YES;
				GENERATE_INFOPLIST_FILE = YES;
				"INFOPLIST_KEY_UIApplicationSceneManifest_Generation[sdk=iphoneos*]" = YES;
				"INFOPLIST_KEY_UIApplicationSceneManifest_Generation[sdk=iphonesimulator*]" = YES;
				"INFOPLIST_KEY_UIApplicationSupportsIndirectInputEvents[sdk=iphoneos*]" = YES;
				"INFOPLIST_KEY_UIApplicationSupportsIndirectInputEvents[sdk=iphonesimulator*]" = YES;
				"INFOPLIST_KEY_UILaunchScreen_Generation[sdk=iphoneos*]" = YES;
				"INFOPLIST_KEY_UILaunchScreen_Generation[sdk=iphonesimulator*]" = YES;
				"INFOPLIST_KEY_UIStatusBarStyle[sdk=iphoneos*]" = UIStatusBarStyleDefault;
				"INFOPLIST_KEY_UIStatusBarStyle[sdk=iphonesimulator*]" = UIStatusBarStyleDefault;
				INFOPLIST_KEY_UISupportedInterfaceOrientations_iPad = "UIInterfaceOrientationPortrait UIInterfaceOrientationPortraitUpsideDown UIInterfaceOrientationLandscapeLeft UIInterfaceOrientationLandscapeRight";
				INFOPLIST_KEY_UISupportedInterfaceOrientations_iPhone = "UIInterfaceOrientationPortrait UIInterfaceOrientationLandscapeLeft UIInterfaceOrientationLandscapeRight";
				IPHONEOS_DEPLOYMENT_TARGET = 16.2;
				LD_RUNPATH_SEARCH_PATHS = "@executable_path/Frameworks";
				"LD_RUNPATH_SEARCH_PATHS[sdk=macosx*]" = "@executable_path/../Frameworks";
				MACOSX_DEPLOYMENT_TARGET = 12.6;
				MARKETING_VERSION = 1.0;
				PRODUCT_BUNDLE_IDENTIFIER = es.hecroge.BankApp;
				PRODUCT_NAME = "$(TARGET_NAME)";
				SDKROOT = auto;
				SUPPORTED_PLATFORMS = "iphoneos iphonesimulator macosx";
				SWIFT_EMIT_LOC_STRINGS = YES;
				SWIFT_VERSION = 5.0;
				TARGETED_DEVICE_FAMILY = "1,2";
			};
			name = Release;
		};
		489742DA29DB4C1200BFC6FF /* Debug */ = {
			isa = XCBuildConfiguration;
			buildSettings = {
				ALWAYS_EMBED_SWIFT_STANDARD_LIBRARIES = YES;
				BUNDLE_LOADER = "$(TEST_HOST)";
				CODE_SIGN_STYLE = Automatic;
				CURRENT_PROJECT_VERSION = 1;
				GENERATE_INFOPLIST_FILE = YES;
				IPHONEOS_DEPLOYMENT_TARGET = 16.2;
				MACOSX_DEPLOYMENT_TARGET = 12.6;
				MARKETING_VERSION = 1.0;
				PRODUCT_BUNDLE_IDENTIFIER = es.hecroge.BankAppTests;
				PRODUCT_NAME = "$(TARGET_NAME)";
				SDKROOT = auto;
				SUPPORTED_PLATFORMS = "iphoneos iphonesimulator macosx";
				SWIFT_EMIT_LOC_STRINGS = NO;
				SWIFT_VERSION = 5.0;
				TARGETED_DEVICE_FAMILY = "1,2";
				TEST_HOST = "$(BUILT_PRODUCTS_DIR)/BankApp.app/$(BUNDLE_EXECUTABLE_FOLDER_PATH)/BankApp";
			};
			name = Debug;
		};
		489742DB29DB4C1200BFC6FF /* Release */ = {
			isa = XCBuildConfiguration;
			buildSettings = {
				ALWAYS_EMBED_SWIFT_STANDARD_LIBRARIES = YES;
				BUNDLE_LOADER = "$(TEST_HOST)";
				CODE_SIGN_STYLE = Automatic;
				CURRENT_PROJECT_VERSION = 1;
				GENERATE_INFOPLIST_FILE = YES;
				IPHONEOS_DEPLOYMENT_TARGET = 16.2;
				MACOSX_DEPLOYMENT_TARGET = 12.6;
				MARKETING_VERSION = 1.0;
				PRODUCT_BUNDLE_IDENTIFIER = es.hecroge.BankAppTests;
				PRODUCT_NAME = "$(TARGET_NAME)";
				SDKROOT = auto;
				SUPPORTED_PLATFORMS = "iphoneos iphonesimulator macosx";
				SWIFT_EMIT_LOC_STRINGS = NO;
				SWIFT_VERSION = 5.0;
				TARGETED_DEVICE_FAMILY = "1,2";
				TEST_HOST = "$(BUILT_PRODUCTS_DIR)/BankApp.app/$(BUNDLE_EXECUTABLE_FOLDER_PATH)/BankApp";
			};
			name = Release;
		};
		489742DD29DB4C1200BFC6FF /* Debug */ = {
			isa = XCBuildConfiguration;
			buildSettings = {
				ALWAYS_EMBED_SWIFT_STANDARD_LIBRARIES = YES;
				CODE_SIGN_STYLE = Automatic;
				CURRENT_PROJECT_VERSION = 1;
				GENERATE_INFOPLIST_FILE = YES;
				IPHONEOS_DEPLOYMENT_TARGET = 16.2;
				MACOSX_DEPLOYMENT_TARGET = 12.6;
				MARKETING_VERSION = 1.0;
				PRODUCT_BUNDLE_IDENTIFIER = es.hecroge.BankAppUITests;
				PRODUCT_NAME = "$(TARGET_NAME)";
				SDKROOT = auto;
				SUPPORTED_PLATFORMS = "iphoneos iphonesimulator macosx";
				SWIFT_EMIT_LOC_STRINGS = NO;
				SWIFT_VERSION = 5.0;
				TARGETED_DEVICE_FAMILY = "1,2";
				TEST_TARGET_NAME = BankApp;
			};
			name = Debug;
		};
		489742DE29DB4C1200BFC6FF /* Release */ = {
			isa = XCBuildConfiguration;
			buildSettings = {
				ALWAYS_EMBED_SWIFT_STANDARD_LIBRARIES = YES;
				CODE_SIGN_STYLE = Automatic;
				CURRENT_PROJECT_VERSION = 1;
				GENERATE_INFOPLIST_FILE = YES;
				IPHONEOS_DEPLOYMENT_TARGET = 16.2;
				MACOSX_DEPLOYMENT_TARGET = 12.6;
				MARKETING_VERSION = 1.0;
				PRODUCT_BUNDLE_IDENTIFIER = es.hecroge.BankAppUITests;
				PRODUCT_NAME = "$(TARGET_NAME)";
				SDKROOT = auto;
				SUPPORTED_PLATFORMS = "iphoneos iphonesimulator macosx";
				SWIFT_EMIT_LOC_STRINGS = NO;
				SWIFT_VERSION = 5.0;
				TARGETED_DEVICE_FAMILY = "1,2";
				TEST_TARGET_NAME = BankApp;
			};
			name = Release;
		};
/* End XCBuildConfiguration section */

/* Begin XCConfigurationList section */
		489742AC29DB4C0F00BFC6FF /* Build configuration list for PBXProject "BankApp" */ = {
			isa = XCConfigurationList;
			buildConfigurations = (
				489742D429DB4C1200BFC6FF /* Debug */,
				489742D529DB4C1200BFC6FF /* Release */,
			);
			defaultConfigurationIsVisible = 0;
			defaultConfigurationName = Release;
		};
		489742D629DB4C1200BFC6FF /* Build configuration list for PBXNativeTarget "BankApp" */ = {
			isa = XCConfigurationList;
			buildConfigurations = (
				489742D729DB4C1200BFC6FF /* Debug */,
				489742D829DB4C1200BFC6FF /* Release */,
			);
			defaultConfigurationIsVisible = 0;
			defaultConfigurationName = Release;
		};
		489742D929DB4C1200BFC6FF /* Build configuration list for PBXNativeTarget "BankAppTests" */ = {
			isa = XCConfigurationList;
			buildConfigurations = (
				489742DA29DB4C1200BFC6FF /* Debug */,
				489742DB29DB4C1200BFC6FF /* Release */,
			);
			defaultConfigurationIsVisible = 0;
			defaultConfigurationName = Release;
		};
		489742DC29DB4C1200BFC6FF /* Build configuration list for PBXNativeTarget "BankAppUITests" */ = {
			isa = XCConfigurationList;
			buildConfigurations = (
				489742DD29DB4C1200BFC6FF /* Debug */,
				489742DE29DB4C1200BFC6FF /* Release */,
			);
			defaultConfigurationIsVisible = 0;
			defaultConfigurationName = Release;
		};
/* End XCConfigurationList section */
	};
	rootObject = 489742A929DB4C0F00BFC6FF /* Project object */;
}
